<?xml version="1.0" encoding="utf-8"?>
<Project ToolsVersion="4.0" xmlns="http://schemas.microsoft.com/developer/msbuild/2003">
  <ItemGroup>
    <Filter Include="Source Files">
      <UniqueIdentifier>{4FC737F1-C7A5-4376-A066-2A32D752A2FF}</UniqueIdentifier>
      <Extensions>cpp;c;cc;cxx;c++;cppm;ixx;def;odl;idl;hpj;bat;asm;asmx</Extensions>
    </Filter>
    <Filter Include="Header Files">
      <UniqueIdentifier>{93995380-89BD-4b04-88EB-625FBE52EBFB}</UniqueIdentifier>
      <Extensions>h;hh;hpp;hxx;h++;hm;inl;inc;ipp;xsd</Extensions>
    </Filter>
    <Filter Include="Resource Files">
      <UniqueIdentifier>{67DA6AB6-F800-4c08-8B7A-83BB121AAD01}</UniqueIdentifier>
      <Extensions>rc;ico;cur;bmp;dlg;rc2;rct;bin;rgs;gif;jpg;jpeg;jpe;resx;tiff;tif;png;wav;mfcribbon-ms</Extensions>
    </Filter>
  </ItemGroup>
  <ItemGroup>
    <ClCompile Include="MyString.cpp">
      <Filter>Source Files</Filter>
    </ClCompile>
    <ClCompile Include="Source.cpp">
      <Filter>Source Files</Filter>
    </ClCompile>
    <ClCompile Include="MyApp.cpp">
      <Filter>Source Files</Filter>
    </ClCompile>
    <ClCompile Include="MainFrame.cpp">
      <Filter>Source Files</Filter>
    </ClCompile>
    <ClCompile Include="loginPanel.cpp">
      <Filter>Source Files</Filter>
    </ClCompile>
    <ClCompile Include="DashboardUser.cpp">
      <Filter>Source Files</Filter>
    </ClCompile>
    <ClCompile Include="Person.cpp">
      <Filter>Source Files</Filter>
    </ClCompile>
    <ClCompile Include="Name.cpp">
      <Filter>Source Files</Filter>
    </ClCompile>
    <ClCompile Include="Address.cpp">
      <Filter>Source Files</Filter>
    </ClCompile>
    <ClCompile Include="Date.cpp">
      <Filter>Source Files</Filter>
    </ClCompile>
    <ClCompile Include="Login.cpp">
      <Filter>Source Files</Filter>
    </ClCompile>
    <ClCompile Include="Customer.cpp">
      <Filter>Source Files</Filter>
    </ClCompile>
    <ClCompile Include="Cart.cpp">
      <Filter>Source Files</Filter>
    </ClCompile>
    <ClCompile Include="Payment.cpp">
      <Filter>Source Files</Filter>
    </ClCompile>
    <ClCompile Include="Product.cpp">
      <Filter>Source Files</Filter>
    </ClCompile>
    <ClCompile Include="MyVector.cpp">
      <Filter>Source Files</Filter>
    </ClCompile>
    <ClCompile Include="Order.cpp">
      <Filter>Source Files</Filter>
    </ClCompile>
    <ClCompile Include="Patreon.cpp">
      <Filter>Source Files</Filter>
    </ClCompile>
    <ClCompile Include="Premium.cpp">
      <Filter>Source Files</Filter>
    </ClCompile>
    <ClCompile Include="Classic.cpp">
      <Filter>Source Files</Filter>
    </ClCompile>
    <ClCompile Include="CartPanel.cpp">
      <Filter>Source Files</Filter>
    </ClCompile>
    <ClCompile Include="SignupPanel.cpp">
      <Filter>Source Files</Filter>
    </ClCompile>
    <ClCompile Include="IDs.cpp">
      <Filter>Source Files</Filter>
    </ClCompile>
    <ClCompile Include="Admin.cpp">
      <Filter>Source Files</Filter>
    </ClCompile>
    <ClCompile Include="Store.cpp">
      <Filter>Source Files</Filter>
    </ClCompile>
    <ClCompile Include="StoreManager.cpp">
      <Filter>Source Files</Filter>
    </ClCompile>
    <ClCompile Include="Book.cpp">
      <Filter>Source Files</Filter>
    </ClCompile>
    <ClCompile Include="Stationary.cpp">
      <Filter>Source Files</Filter>
    </ClCompile>
    <ClCompile Include="SoftCopy.cpp">
      <Filter>Source Files</Filter>
    </ClCompile>
    <ClCompile Include="HardCopy.cpp">
      <Filter>Source Files</Filter>
    </ClCompile>
    <ClCompile Include="CustomerListView.cpp">
      <Filter>Source Files</Filter>
    </ClCompile>
    <ClCompile Include="AdminCVpanel.cpp">
      <Filter>Source Files</Filter>
    </ClCompile>
    <ClCompile Include="DashboardAdmin.cpp">
      <Filter>Source Files</Filter>
    </ClCompile>
    <ClCompile Include="AddBook.cpp">
      <Filter>Source Files</Filter>
    </ClCompile>
    <ClCompile Include="BookDisplayPanel.cpp">
      <Filter>Source Files</Filter>
    </ClCompile>
    <ClCompile Include="AddStorePanel.cpp">
      <Filter>Source Files</Filter>
    </ClCompile>
    <ClCompile Include="ProductListView.cpp">
      <Filter>Source Files</Filter>
    </ClCompile>
    <ClCompile Include="ViewStorePanel.cpp">
      <Filter>Source Files</Filter>
    </ClCompile>
    <ClCompile Include="AddStationary.cpp">
      <Filter>Source Files</Filter>
    </ClCompile>
    <ClCompile Include="StationaryDisplayPanel.cpp">
      <Filter>Source Files</Filter>
    </ClCompile>
    <ClCompile Include="ViewCartPanel.cpp">
      <Filter>Source Files</Filter>
    </ClCompile>
    <ClCompile Include="OrderPanel.cpp">
      <Filter>Source Files</Filter>
    </ClCompile>
    <ClCompile Include="DisplayOrderPanel.cpp">
      <Filter>Source Files</Filter>
    </ClCompile>
    <ClCompile Include="log.cpp">
      <Filter>Source Files</Filter>
    </ClCompile>
  </ItemGroup>
  <ItemGroup>
    <ClInclude Include="MyString.h">
      <Filter>Header Files</Filter>
    </ClInclude>
    <ClInclude Include="MyApp.h">
      <Filter>Header Files</Filter>
    </ClInclude>
    <ClInclude Include="MainFrame.h">
      <Filter>Header Files</Filter>
    </ClInclude>
    <ClInclude Include="loginPanel.h">
      <Filter>Header Files</Filter>
    </ClInclude>
    <ClInclude Include="DashboardUser.h">
      <Filter>Header Files</Filter>
    </ClInclude>
    <ClInclude Include="Person.h">
      <Filter>Header Files</Filter>
    </ClInclude>
    <ClInclude Include="Name.h">
      <Filter>Header Files</Filter>
    </ClInclude>
    <ClInclude Include="Address.h">
      <Filter>Header Files</Filter>
    </ClInclude>
    <ClInclude Include="Date.h">
      <Filter>Header Files</Filter>
    </ClInclude>
    <ClInclude Include="Login.h">
      <Filter>Header Files</Filter>
    </ClInclude>
    <ClInclude Include="Customer.h">
      <Filter>Header Files</Filter>
    </ClInclude>
    <ClInclude Include="Cart.h">
      <Filter>Header Files</Filter>
    </ClInclude>
    <ClInclude Include="Payment.h">
      <Filter>Header Files</Filter>
    </ClInclude>
    <ClInclude Include="Product.h">
      <Filter>Header Files</Filter>
    </ClInclude>
    <ClInclude Include="MyVector.h">
      <Filter>Header Files</Filter>
    </ClInclude>
    <ClInclude Include="Order.h">
      <Filter>Header Files</Filter>
    </ClInclude>
    <ClInclude Include="Patreon.h">
      <Filter>Header Files</Filter>
    </ClInclude>
    <ClInclude Include="Premium.h">
      <Filter>Header Files</Filter>
    </ClInclude>
    <ClInclude Include="Classic.h">
      <Filter>Header Files</Filter>
    </ClInclude>
    <ClInclude Include="CartPanel.h">
      <Filter>Header Files</Filter>
    </ClInclude>
    <ClInclude Include="SignupPanel.h">
      <Filter>Header Files</Filter>
    </ClInclude>
    <ClInclude Include="IDs.h">
      <Filter>Header Files</Filter>
    </ClInclude>
    <ClInclude Include="Admin.h">
      <Filter>Header Files</Filter>
    </ClInclude>
    <ClInclude Include="Store.h">
      <Filter>Header Files</Filter>
    </ClInclude>
    <ClInclude Include="StoreManager.h">
      <Filter>Header Files</Filter>
    </ClInclude>
    <ClInclude Include="Book.h">
      <Filter>Header Files</Filter>
    </ClInclude>
    <ClInclude Include="Stationary.h">
      <Filter>Header Files</Filter>
    </ClInclude>
    <ClInclude Include="SoftCopy.h">
      <Filter>Header Files</Filter>
    </ClInclude>
    <ClInclude Include="HardCopy.h">
      <Filter>Header Files</Filter>
    </ClInclude>
    <ClInclude Include="CustomerListView.h">
      <Filter>Header Files</Filter>
    </ClInclude>
    <ClInclude Include="AdminCVpanel.h">
      <Filter>Header Files</Filter>
    </ClInclude>
    <ClInclude Include="DashboardAdmin.h">
      <Filter>Header Files</Filter>
    </ClInclude>
    <ClInclude Include="AddBook.h">
      <Filter>Header Files</Filter>
    </ClInclude>
    <ClInclude Include="BookDisplayPanel.h">
      <Filter>Header Files</Filter>
    </ClInclude>
    <ClInclude Include="AddStorePanel.h">
      <Filter>Header Files</Filter>
    </ClInclude>
    <ClInclude Include="ProductListView.h">
      <Filter>Header Files</Filter>
    </ClInclude>
    <ClInclude Include="ViewStorePanel.h">
      <Filter>Header Files</Filter>
    </ClInclude>
    <ClInclude Include="AddStationary.h">
      <Filter>Header Files</Filter>
    </ClInclude>
    <ClInclude Include="StationaryDisplayPanel.h">
      <Filter>Header Files</Filter>
    </ClInclude>
    <ClInclude Include="ViewCartPanel.h">
      <Filter>Header Files</Filter>
    </ClInclude>
    <ClInclude Include="OrderPanel.h">
      <Filter>Header Files</Filter>
    </ClInclude>
    <ClInclude Include="DisplayOrderPanel.h">
      <Filter>Header Files</Filter>
    </ClInclude>
    <ClInclude Include="log.h">
      <Filter>Header Files</Filter>
    </ClInclude>
  </ItemGroup>
  <ItemGroup>
    <None Include="Users.bin">
      <Filter>Resource Files</Filter>
    </None>
    <None Include="Products.bin">
      <Filter>Resource Files</Filter>
    </None>
    <None Include="Books.bin">
      <Filter>Resource Files</Filter>
    </None>
  </ItemGroup>
</Project>